
Microsoft Visual Studio Solution File, Format Version 12.00
# Visual Studio Version 17
VisualStudioVersion = 17.5.002.0
MinimumVisualStudioVersion = 10.0.40219.1
Project("{2150E333-8FDC-42A3-9474-1A3956D46DE8}") = "Les_1", "Les_1", "{7450FE38-40E8-4E21-AF97-35D8F36BB7DB}"
EndProject
Project("{9A19103F-16F7-4668-BE54-9A1E7A4F7556}") = "1_1", "Les_1\1_1\1_1.csproj", "{D53ADD70-ED57-4BB4-A906-610E516A3FBC}"
EndProject
Global
	GlobalSection(SolutionConfigurationPlatforms) = preSolution
		Debug|Any CPU = Debug|Any CPU
		Release|Any CPU = Release|Any CPU
	EndGlobalSection
	GlobalSection(ProjectConfigurationPlatforms) = postSolution
		{D53ADD70-ED57-4BB4-A906-610E516A3FBC}.Debug|Any CPU.ActiveCfg = Debug|Any CPU
		{D53ADD70-ED57-4BB4-A906-610E516A3FBC}.Debug|Any CPU.Build.0 = Debug|Any CPU
		{D53ADD70-ED57-4BB4-A906-610E516A3FBC}.Release|Any CPU.ActiveCfg = Release|Any CPU
		{D53ADD70-ED57-4BB4-A906-610E516A3FBC}.Release|Any CPU.Build.0 = Release|Any CPU
	EndGlobalSection
	GlobalSection(SolutionProperties) = preSolution
		HideSolutionNode = FALSE
	EndGlobalSection
	GlobalSection(NestedProjects) = preSolution
		{D53ADD70-ED57-4BB4-A906-610E516A3FBC} = {7450FE38-40E8-4E21-AF97-35D8F36BB7DB}
	EndGlobalSection
	GlobalSection(ExtensibilityGlobals) = postSolution
		SolutionGuid = {8C130F6F-1885-447C-958A-A308550831F8}
	EndGlobalSection
EndGlobal
